
Microsoft Visual Studio Solution File, Format Version 12.00
# Visual Studio 15
VisualStudioVersion = 15.0.26124.0
MinimumVisualStudioVersion = 15.0.26124.0
Project("{2150E333-8FDC-42A3-9474-1A3956D46DE8}") = "test", "test", "{4A11F1B1-A2D8-4A6D-9F01-042F5EFDF270}"
EndProject
Project("{FAE04EC0-301F-11D3-BF4B-00C04F79EFBC}") = "Mint.Common.Test", "test\Mint.Common.Test\Mint.Common.Test.csproj", "{63713BD2-7056-4729-AC2D-4773E218922F}"
EndProject
Project("{FAE04EC0-301F-11D3-BF4B-00C04F79EFBC}") = "Mint.Substrate.Test", "test\Mint.Substrate.Test\Mint.Substrate.Test.csproj", "{9B484876-1F44-4003-B181-0E703D0BA32A}"
EndProject
Project("{2150E333-8FDC-42A3-9474-1A3956D46DE8}") = "src", "src", "{7014F8F2-DB34-4744-880D-CA329DD83AE8}"
EndProject
Project("{FAE04EC0-301F-11D3-BF4B-00C04F79EFBC}") = "Mint.Common", "src\Mint.Common\Mint.Common.csproj", "{CD957DFD-1D58-4FB6-94DB-CF4FF9611555}"
EndProject
Project("{FAE04EC0-301F-11D3-BF4B-00C04F79EFBC}") = "Mint.Substrate", "src\Mint.Substrate\Mint.Substrate.csproj", "{3F43838F-B05B-4BDB-9F4F-0D31F50CB0E7}"
EndProject
Project("{FAE04EC0-301F-11D3-BF4B-00C04F79EFBC}") = "Mint.Database", "src\Mint.Database\Mint.Database.csproj", "{025248D4-95E5-42DC-9FC6-88F8EC83E467}"
EndProject
Project("{2150E333-8FDC-42A3-9474-1A3956D46DE8}") = "tools", "tools", "{BDEAACF3-BBE9-46A9-B521-1309439890EA}"
EndProject
Project("{FAE04EC0-301F-11D3-BF4B-00C04F79EFBC}") = "MergeTool", "tools\MergeTool\MergeTool.csproj", "{2C7CE664-065D-483A-A264-9833FEDD161F}"
EndProject
Project("{FAE04EC0-301F-11D3-BF4B-00C04F79EFBC}") = "ProduceTool", "tools\ProduceTool\ProduceTool.csproj", "{3E1BAEBF-1881-4866-B200-67FC271A3A4D}"
EndProject
Project("{FAE04EC0-301F-11D3-BF4B-00C04F79EFBC}") = "Scripts", "tools\Scripts\Scripts.csproj", "{69997998-60E3-403A-9357-26F8B4809952}"
EndProject
Project("{FAE04EC0-301F-11D3-BF4B-00C04F79EFBC}") = "MapiAnalyser", "tools\MapiAnalyser\MapiAnalyser.csproj", "{24C51DC4-8706-4C96-AB45-EEDD13A249A3}"
EndProject
Global
	GlobalSection(SolutionConfigurationPlatforms) = preSolution
		Debug|Any CPU = Debug|Any CPU
		Debug|x64 = Debug|x64
		Debug|x86 = Debug|x86
		Release|Any CPU = Release|Any CPU
		Release|x64 = Release|x64
		Release|x86 = Release|x86
	EndGlobalSection
	GlobalSection(SolutionProperties) = preSolution
		HideSolutionNode = FALSE
	EndGlobalSection
	GlobalSection(ProjectConfigurationPlatforms) = postSolution
		{63713BD2-7056-4729-AC2D-4773E218922F}.Debug|Any CPU.ActiveCfg = Debug|Any CPU
		{63713BD2-7056-4729-AC2D-4773E218922F}.Debug|Any CPU.Build.0 = Debug|Any CPU
		{63713BD2-7056-4729-AC2D-4773E218922F}.Debug|x64.ActiveCfg = Debug|Any CPU
		{63713BD2-7056-4729-AC2D-4773E218922F}.Debug|x64.Build.0 = Debug|Any CPU
		{63713BD2-7056-4729-AC2D-4773E218922F}.Debug|x86.ActiveCfg = Debug|Any CPU
		{63713BD2-7056-4729-AC2D-4773E218922F}.Debug|x86.Build.0 = Debug|Any CPU
		{63713BD2-7056-4729-AC2D-4773E218922F}.Release|Any CPU.ActiveCfg = Release|Any CPU
		{63713BD2-7056-4729-AC2D-4773E218922F}.Release|Any CPU.Build.0 = Release|Any CPU
		{63713BD2-7056-4729-AC2D-4773E218922F}.Release|x64.ActiveCfg = Release|Any CPU
		{63713BD2-7056-4729-AC2D-4773E218922F}.Release|x64.Build.0 = Release|Any CPU
		{63713BD2-7056-4729-AC2D-4773E218922F}.Release|x86.ActiveCfg = Release|Any CPU
		{63713BD2-7056-4729-AC2D-4773E218922F}.Release|x86.Build.0 = Release|Any CPU
		{9B484876-1F44-4003-B181-0E703D0BA32A}.Debug|Any CPU.ActiveCfg = Debug|Any CPU
		{9B484876-1F44-4003-B181-0E703D0BA32A}.Debug|Any CPU.Build.0 = Debug|Any CPU
		{9B484876-1F44-4003-B181-0E703D0BA32A}.Debug|x64.ActiveCfg = Debug|Any CPU
		{9B484876-1F44-4003-B181-0E703D0BA32A}.Debug|x64.Build.0 = Debug|Any CPU
		{9B484876-1F44-4003-B181-0E703D0BA32A}.Debug|x86.ActiveCfg = Debug|Any CPU
		{9B484876-1F44-4003-B181-0E703D0BA32A}.Debug|x86.Build.0 = Debug|Any CPU
		{9B484876-1F44-4003-B181-0E703D0BA32A}.Release|Any CPU.ActiveCfg = Release|Any CPU
		{9B484876-1F44-4003-B181-0E703D0BA32A}.Release|Any CPU.Build.0 = Release|Any CPU
		{9B484876-1F44-4003-B181-0E703D0BA32A}.Release|x64.ActiveCfg = Release|Any CPU
		{9B484876-1F44-4003-B181-0E703D0BA32A}.Release|x64.Build.0 = Release|Any CPU
		{9B484876-1F44-4003-B181-0E703D0BA32A}.Release|x86.ActiveCfg = Release|Any CPU
		{9B484876-1F44-4003-B181-0E703D0BA32A}.Release|x86.Build.0 = Release|Any CPU
		{CD957DFD-1D58-4FB6-94DB-CF4FF9611555}.Debug|Any CPU.ActiveCfg = Debug|Any CPU
		{CD957DFD-1D58-4FB6-94DB-CF4FF9611555}.Debug|Any CPU.Build.0 = Debug|Any CPU
		{CD957DFD-1D58-4FB6-94DB-CF4FF9611555}.Debug|x64.ActiveCfg = Debug|Any CPU
		{CD957DFD-1D58-4FB6-94DB-CF4FF9611555}.Debug|x64.Build.0 = Debug|Any CPU
		{CD957DFD-1D58-4FB6-94DB-CF4FF9611555}.Debug|x86.ActiveCfg = Debug|Any CPU
		{CD957DFD-1D58-4FB6-94DB-CF4FF9611555}.Debug|x86.Build.0 = Debug|Any CPU
		{CD957DFD-1D58-4FB6-94DB-CF4FF9611555}.Release|Any CPU.ActiveCfg = Release|Any CPU
		{CD957DFD-1D58-4FB6-94DB-CF4FF9611555}.Release|Any CPU.Build.0 = Release|Any CPU
		{CD957DFD-1D58-4FB6-94DB-CF4FF9611555}.Release|x64.ActiveCfg = Release|Any CPU
		{CD957DFD-1D58-4FB6-94DB-CF4FF9611555}.Release|x64.Build.0 = Release|Any CPU
		{CD957DFD-1D58-4FB6-94DB-CF4FF9611555}.Release|x86.ActiveCfg = Release|Any CPU
		{CD957DFD-1D58-4FB6-94DB-CF4FF9611555}.Release|x86.Build.0 = Release|Any CPU
		{3F43838F-B05B-4BDB-9F4F-0D31F50CB0E7}.Debug|Any CPU.ActiveCfg = Debug|Any CPU
		{3F43838F-B05B-4BDB-9F4F-0D31F50CB0E7}.Debug|Any CPU.Build.0 = Debug|Any CPU
		{3F43838F-B05B-4BDB-9F4F-0D31F50CB0E7}.Debug|x64.ActiveCfg = Debug|Any CPU
		{3F43838F-B05B-4BDB-9F4F-0D31F50CB0E7}.Debug|x64.Build.0 = Debug|Any CPU
		{3F43838F-B05B-4BDB-9F4F-0D31F50CB0E7}.Debug|x86.ActiveCfg = Debug|Any CPU
		{3F43838F-B05B-4BDB-9F4F-0D31F50CB0E7}.Debug|x86.Build.0 = Debug|Any CPU
		{3F43838F-B05B-4BDB-9F4F-0D31F50CB0E7}.Release|Any CPU.ActiveCfg = Release|Any CPU
		{3F43838F-B05B-4BDB-9F4F-0D31F50CB0E7}.Release|Any CPU.Build.0 = Release|Any CPU
		{3F43838F-B05B-4BDB-9F4F-0D31F50CB0E7}.Release|x64.ActiveCfg = Release|Any CPU
		{3F43838F-B05B-4BDB-9F4F-0D31F50CB0E7}.Release|x64.Build.0 = Release|Any CPU
		{3F43838F-B05B-4BDB-9F4F-0D31F50CB0E7}.Release|x86.ActiveCfg = Release|Any CPU
		{3F43838F-B05B-4BDB-9F4F-0D31F50CB0E7}.Release|x86.Build.0 = Release|Any CPU
		{025248D4-95E5-42DC-9FC6-88F8EC83E467}.Debug|Any CPU.ActiveCfg = Debug|Any CPU
		{025248D4-95E5-42DC-9FC6-88F8EC83E467}.Debug|Any CPU.Build.0 = Debug|Any CPU
		{025248D4-95E5-42DC-9FC6-88F8EC83E467}.Debug|x64.ActiveCfg = Debug|Any CPU
		{025248D4-95E5-42DC-9FC6-88F8EC83E467}.Debug|x64.Build.0 = Debug|Any CPU
		{025248D4-95E5-42DC-9FC6-88F8EC83E467}.Debug|x86.ActiveCfg = Debug|Any CPU
		{025248D4-95E5-42DC-9FC6-88F8EC83E467}.Debug|x86.Build.0 = Debug|Any CPU
		{025248D4-95E5-42DC-9FC6-88F8EC83E467}.Release|Any CPU.ActiveCfg = Release|Any CPU
		{025248D4-95E5-42DC-9FC6-88F8EC83E467}.Release|Any CPU.Build.0 = Release|Any CPU
		{025248D4-95E5-42DC-9FC6-88F8EC83E467}.Release|x64.ActiveCfg = Release|Any CPU
		{025248D4-95E5-42DC-9FC6-88F8EC83E467}.Release|x64.Build.0 = Release|Any CPU
		{025248D4-95E5-42DC-9FC6-88F8EC83E467}.Release|x86.ActiveCfg = Release|Any CPU
		{025248D4-95E5-42DC-9FC6-88F8EC83E467}.Release|x86.Build.0 = Release|Any CPU
		{2C7CE664-065D-483A-A264-9833FEDD161F}.Debug|Any CPU.ActiveCfg = Debug|Any CPU
		{2C7CE664-065D-483A-A264-9833FEDD161F}.Debug|Any CPU.Build.0 = Debug|Any CPU
		{2C7CE664-065D-483A-A264-9833FEDD161F}.Debug|x64.ActiveCfg = Debug|Any CPU
		{2C7CE664-065D-483A-A264-9833FEDD161F}.Debug|x64.Build.0 = Debug|Any CPU
		{2C7CE664-065D-483A-A264-9833FEDD161F}.Debug|x86.ActiveCfg = Debug|Any CPU
		{2C7CE664-065D-483A-A264-9833FEDD161F}.Debug|x86.Build.0 = Debug|Any CPU
		{2C7CE664-065D-483A-A264-9833FEDD161F}.Release|Any CPU.ActiveCfg = Release|Any CPU
		{2C7CE664-065D-483A-A264-9833FEDD161F}.Release|Any CPU.Build.0 = Release|Any CPU
		{2C7CE664-065D-483A-A264-9833FEDD161F}.Release|x64.ActiveCfg = Release|Any CPU
		{2C7CE664-065D-483A-A264-9833FEDD161F}.Release|x64.Build.0 = Release|Any CPU
		{2C7CE664-065D-483A-A264-9833FEDD161F}.Release|x86.ActiveCfg = Release|Any CPU
		{2C7CE664-065D-483A-A264-9833FEDD161F}.Release|x86.Build.0 = Release|Any CPU
		{3E1BAEBF-1881-4866-B200-67FC271A3A4D}.Debug|Any CPU.ActiveCfg = Debug|Any CPU
		{3E1BAEBF-1881-4866-B200-67FC271A3A4D}.Debug|Any CPU.Build.0 = Debug|Any CPU
		{3E1BAEBF-1881-4866-B200-67FC271A3A4D}.Debug|x64.ActiveCfg = Debug|Any CPU
		{3E1BAEBF-1881-4866-B200-67FC271A3A4D}.Debug|x64.Build.0 = Debug|Any CPU
		{3E1BAEBF-1881-4866-B200-67FC271A3A4D}.Debug|x86.ActiveCfg = Debug|Any CPU
		{3E1BAEBF-1881-4866-B200-67FC271A3A4D}.Debug|x86.Build.0 = Debug|Any CPU
		{3E1BAEBF-1881-4866-B200-67FC271A3A4D}.Release|Any CPU.ActiveCfg = Release|Any CPU
		{3E1BAEBF-1881-4866-B200-67FC271A3A4D}.Release|Any CPU.Build.0 = Release|Any CPU
		{3E1BAEBF-1881-4866-B200-67FC271A3A4D}.Release|x64.ActiveCfg = Release|Any CPU
		{3E1BAEBF-1881-4866-B200-67FC271A3A4D}.Release|x64.Build.0 = Release|Any CPU
		{3E1BAEBF-1881-4866-B200-67FC271A3A4D}.Release|x86.ActiveCfg = Release|Any CPU
		{3E1BAEBF-1881-4866-B200-67FC271A3A4D}.Release|x86.Build.0 = Release|Any CPU
		{69997998-60E3-403A-9357-26F8B4809952}.Debug|Any CPU.ActiveCfg = Debug|Any CPU
		{69997998-60E3-403A-9357-26F8B4809952}.Debug|Any CPU.Build.0 = Debug|Any CPU
		{69997998-60E3-403A-9357-26F8B4809952}.Debug|x64.ActiveCfg = Debug|Any CPU
		{69997998-60E3-403A-9357-26F8B4809952}.Debug|x64.Build.0 = Debug|Any CPU
		{69997998-60E3-403A-9357-26F8B4809952}.Debug|x86.ActiveCfg = Debug|Any CPU
		{69997998-60E3-403A-9357-26F8B4809952}.Debug|x86.Build.0 = Debug|Any CPU
		{69997998-60E3-403A-9357-26F8B4809952}.Release|Any CPU.ActiveCfg = Release|Any CPU
		{69997998-60E3-403A-9357-26F8B4809952}.Release|Any CPU.Build.0 = Release|Any CPU
		{69997998-60E3-403A-9357-26F8B4809952}.Release|x64.ActiveCfg = Release|Any CPU
		{69997998-60E3-403A-9357-26F8B4809952}.Release|x64.Build.0 = Release|Any CPU
		{69997998-60E3-403A-9357-26F8B4809952}.Release|x86.ActiveCfg = Release|Any CPU
		{69997998-60E3-403A-9357-26F8B4809952}.Release|x86.Build.0 = Release|Any CPU
		{24C51DC4-8706-4C96-AB45-EEDD13A249A3}.Debug|Any CPU.ActiveCfg = Debug|Any CPU
		{24C51DC4-8706-4C96-AB45-EEDD13A249A3}.Debug|Any CPU.Build.0 = Debug|Any CPU
		{24C51DC4-8706-4C96-AB45-EEDD13A249A3}.Debug|x64.ActiveCfg = Debug|Any CPU
		{24C51DC4-8706-4C96-AB45-EEDD13A249A3}.Debug|x64.Build.0 = Debug|Any CPU
		{24C51DC4-8706-4C96-AB45-EEDD13A249A3}.Debug|x86.ActiveCfg = Debug|Any CPU
		{24C51DC4-8706-4C96-AB45-EEDD13A249A3}.Debug|x86.Build.0 = Debug|Any CPU
		{24C51DC4-8706-4C96-AB45-EEDD13A249A3}.Release|Any CPU.ActiveCfg = Release|Any CPU
		{24C51DC4-8706-4C96-AB45-EEDD13A249A3}.Release|Any CPU.Build.0 = Release|Any CPU
		{24C51DC4-8706-4C96-AB45-EEDD13A249A3}.Release|x64.ActiveCfg = Release|Any CPU
		{24C51DC4-8706-4C96-AB45-EEDD13A249A3}.Release|x64.Build.0 = Release|Any CPU
		{24C51DC4-8706-4C96-AB45-EEDD13A249A3}.Release|x86.ActiveCfg = Release|Any CPU
		{24C51DC4-8706-4C96-AB45-EEDD13A249A3}.Release|x86.Build.0 = Release|Any CPU
	EndGlobalSection
	GlobalSection(NestedProjects) = preSolution
		{63713BD2-7056-4729-AC2D-4773E218922F} = {4A11F1B1-A2D8-4A6D-9F01-042F5EFDF270}
		{9B484876-1F44-4003-B181-0E703D0BA32A} = {4A11F1B1-A2D8-4A6D-9F01-042F5EFDF270}
		{CD957DFD-1D58-4FB6-94DB-CF4FF9611555} = {7014F8F2-DB34-4744-880D-CA329DD83AE8}
		{3F43838F-B05B-4BDB-9F4F-0D31F50CB0E7} = {7014F8F2-DB34-4744-880D-CA329DD83AE8}
		{025248D4-95E5-42DC-9FC6-88F8EC83E467} = {7014F8F2-DB34-4744-880D-CA329DD83AE8}
		{2C7CE664-065D-483A-A264-9833FEDD161F} = {BDEAACF3-BBE9-46A9-B521-1309439890EA}
		{3E1BAEBF-1881-4866-B200-67FC271A3A4D} = {BDEAACF3-BBE9-46A9-B521-1309439890EA}
		{69997998-60E3-403A-9357-26F8B4809952} = {BDEAACF3-BBE9-46A9-B521-1309439890EA}
		{24C51DC4-8706-4C96-AB45-EEDD13A249A3} = {BDEAACF3-BBE9-46A9-B521-1309439890EA}
	EndGlobalSection
EndGlobal
