
Microsoft Visual Studio Solution File, Format Version 12.00
# Visual Studio 15
VisualStudioVersion = 15.0.26124.0
MinimumVisualStudioVersion = 15.0.26124.0
Project("{2150E333-8FDC-42A3-9474-1A3956D46DE8}") = "test", "test", "{3352C1F8-0335-4377-83A8-E272CE86E488}"
EndProject
Project("{FAE04EC0-301F-11D3-BF4B-00C04F79EFBC}") = "Mint.Common.Test", "test\Mint.Common.Test\Mint.Common.Test.csproj", "{AD935444-E02C-4072-9A98-BBD0E0C7DE38}"
EndProject
Project("{FAE04EC0-301F-11D3-BF4B-00C04F79EFBC}") = "Mint.Database.Test", "test\Mint.Database.Test\Mint.Database.Test.csproj", "{386F9B18-78EC-4960-90F1-1EBC2F9A3157}"
EndProject
Project("{FAE04EC0-301F-11D3-BF4B-00C04F79EFBC}") = "Mint.Substrate.Test", "test\Mint.Substrate.Test\Mint.Substrate.Test.csproj", "{DAD634C1-0B7A-4E03-AD1F-00D2CD215023}"
EndProject
Project("{2150E333-8FDC-42A3-9474-1A3956D46DE8}") = "src", "src", "{C623DF7A-FDF5-4434-BBD2-BC1924649116}"
EndProject
Project("{FAE04EC0-301F-11D3-BF4B-00C04F79EFBC}") = "Mint.Common", "src\Mint.Common\Mint.Common.csproj", "{B5346AB4-DE49-4A6E-9D54-B4F55BA6FD7C}"
EndProject
Project("{FAE04EC0-301F-11D3-BF4B-00C04F79EFBC}") = "Mint.Database", "src\Mint.Database\Mint.Database.csproj", "{95080E63-4B84-4C1B-ACA9-66A5ADECB8C3}"
EndProject
Project("{FAE04EC0-301F-11D3-BF4B-00C04F79EFBC}") = "Mint.Substrate", "src\Mint.Substrate\Mint.Substrate.csproj", "{6228A526-8C97-43F1-85E6-29AE956221CB}"
EndProject
Project("{2150E333-8FDC-42A3-9474-1A3956D46DE8}") = "tools", "tools", "{DBB05045-963F-445A-B75F-04E3AB1F4047}"
EndProject
Project("{FAE04EC0-301F-11D3-BF4B-00C04F79EFBC}") = "Producer", "tools\Producer\Producer.csproj", "{CF75849F-1310-4924-8B8E-853150EA6629}"
EndProject
Project("{FAE04EC0-301F-11D3-BF4B-00C04F79EFBC}") = "ProcessAnalyser", "tools\ProcessAnalyser\ProcessAnalyser.csproj", "{373777AA-1A94-4FC7-8616-02C25A9A0408}"
EndProject
Project("{FAE04EC0-301F-11D3-BF4B-00C04F79EFBC}") = "Scripts", "tools\Scripts\Scripts.csproj", "{FB70CE53-D887-41BD-B5C1-16E994412630}"
EndProject
Project("{FAE04EC0-301F-11D3-BF4B-00C04F79EFBC}") = "Ceres", "tools\Ceres\Ceres.csproj", "{9F532020-F64E-4DE4-95AC-817FBC8F1FCB}"
EndProject
Project("{FAE04EC0-301F-11D3-BF4B-00C04F79EFBC}") = "Mint.DataStructures", "src\Mint.DataStructures\Mint.DataStructures.csproj", "{582917B7-2EB7-4112-AE18-BD7E427F348E}"
EndProject
Project("{FAE04EC0-301F-11D3-BF4B-00C04F79EFBC}") = "GDeps", "tools\GDeps\GDeps.csproj", "{F738BABB-A3C2-47E7-A37B-DC8209A67B8E}"
EndProject
Global
	GlobalSection(SolutionConfigurationPlatforms) = preSolution
		Debug|Any CPU = Debug|Any CPU
		Debug|x64 = Debug|x64
		Debug|x86 = Debug|x86
		Release|Any CPU = Release|Any CPU
		Release|x64 = Release|x64
		Release|x86 = Release|x86
	EndGlobalSection
	GlobalSection(SolutionProperties) = preSolution
		HideSolutionNode = FALSE
	EndGlobalSection
	GlobalSection(ProjectConfigurationPlatforms) = postSolution
		{AD935444-E02C-4072-9A98-BBD0E0C7DE38}.Debug|Any CPU.ActiveCfg = Debug|Any CPU
		{AD935444-E02C-4072-9A98-BBD0E0C7DE38}.Debug|Any CPU.Build.0 = Debug|Any CPU
		{AD935444-E02C-4072-9A98-BBD0E0C7DE38}.Debug|x64.ActiveCfg = Debug|Any CPU
		{AD935444-E02C-4072-9A98-BBD0E0C7DE38}.Debug|x64.Build.0 = Debug|Any CPU
		{AD935444-E02C-4072-9A98-BBD0E0C7DE38}.Debug|x86.ActiveCfg = Debug|Any CPU
		{AD935444-E02C-4072-9A98-BBD0E0C7DE38}.Debug|x86.Build.0 = Debug|Any CPU
		{AD935444-E02C-4072-9A98-BBD0E0C7DE38}.Release|Any CPU.ActiveCfg = Release|Any CPU
		{AD935444-E02C-4072-9A98-BBD0E0C7DE38}.Release|Any CPU.Build.0 = Release|Any CPU
		{AD935444-E02C-4072-9A98-BBD0E0C7DE38}.Release|x64.ActiveCfg = Release|Any CPU
		{AD935444-E02C-4072-9A98-BBD0E0C7DE38}.Release|x64.Build.0 = Release|Any CPU
		{AD935444-E02C-4072-9A98-BBD0E0C7DE38}.Release|x86.ActiveCfg = Release|Any CPU
		{AD935444-E02C-4072-9A98-BBD0E0C7DE38}.Release|x86.Build.0 = Release|Any CPU
		{386F9B18-78EC-4960-90F1-1EBC2F9A3157}.Debug|Any CPU.ActiveCfg = Debug|Any CPU
		{386F9B18-78EC-4960-90F1-1EBC2F9A3157}.Debug|Any CPU.Build.0 = Debug|Any CPU
		{386F9B18-78EC-4960-90F1-1EBC2F9A3157}.Debug|x64.ActiveCfg = Debug|Any CPU
		{386F9B18-78EC-4960-90F1-1EBC2F9A3157}.Debug|x64.Build.0 = Debug|Any CPU
		{386F9B18-78EC-4960-90F1-1EBC2F9A3157}.Debug|x86.ActiveCfg = Debug|Any CPU
		{386F9B18-78EC-4960-90F1-1EBC2F9A3157}.Debug|x86.Build.0 = Debug|Any CPU
		{386F9B18-78EC-4960-90F1-1EBC2F9A3157}.Release|Any CPU.ActiveCfg = Release|Any CPU
		{386F9B18-78EC-4960-90F1-1EBC2F9A3157}.Release|Any CPU.Build.0 = Release|Any CPU
		{386F9B18-78EC-4960-90F1-1EBC2F9A3157}.Release|x64.ActiveCfg = Release|Any CPU
		{386F9B18-78EC-4960-90F1-1EBC2F9A3157}.Release|x64.Build.0 = Release|Any CPU
		{386F9B18-78EC-4960-90F1-1EBC2F9A3157}.Release|x86.ActiveCfg = Release|Any CPU
		{386F9B18-78EC-4960-90F1-1EBC2F9A3157}.Release|x86.Build.0 = Release|Any CPU
		{DAD634C1-0B7A-4E03-AD1F-00D2CD215023}.Debug|Any CPU.ActiveCfg = Debug|Any CPU
		{DAD634C1-0B7A-4E03-AD1F-00D2CD215023}.Debug|Any CPU.Build.0 = Debug|Any CPU
		{DAD634C1-0B7A-4E03-AD1F-00D2CD215023}.Debug|x64.ActiveCfg = Debug|Any CPU
		{DAD634C1-0B7A-4E03-AD1F-00D2CD215023}.Debug|x64.Build.0 = Debug|Any CPU
		{DAD634C1-0B7A-4E03-AD1F-00D2CD215023}.Debug|x86.ActiveCfg = Debug|Any CPU
		{DAD634C1-0B7A-4E03-AD1F-00D2CD215023}.Debug|x86.Build.0 = Debug|Any CPU
		{DAD634C1-0B7A-4E03-AD1F-00D2CD215023}.Release|Any CPU.ActiveCfg = Release|Any CPU
		{DAD634C1-0B7A-4E03-AD1F-00D2CD215023}.Release|Any CPU.Build.0 = Release|Any CPU
		{DAD634C1-0B7A-4E03-AD1F-00D2CD215023}.Release|x64.ActiveCfg = Release|Any CPU
		{DAD634C1-0B7A-4E03-AD1F-00D2CD215023}.Release|x64.Build.0 = Release|Any CPU
		{DAD634C1-0B7A-4E03-AD1F-00D2CD215023}.Release|x86.ActiveCfg = Release|Any CPU
		{DAD634C1-0B7A-4E03-AD1F-00D2CD215023}.Release|x86.Build.0 = Release|Any CPU
		{B5346AB4-DE49-4A6E-9D54-B4F55BA6FD7C}.Debug|Any CPU.ActiveCfg = Debug|Any CPU
		{B5346AB4-DE49-4A6E-9D54-B4F55BA6FD7C}.Debug|Any CPU.Build.0 = Debug|Any CPU
		{B5346AB4-DE49-4A6E-9D54-B4F55BA6FD7C}.Debug|x64.ActiveCfg = Debug|Any CPU
		{B5346AB4-DE49-4A6E-9D54-B4F55BA6FD7C}.Debug|x64.Build.0 = Debug|Any CPU
		{B5346AB4-DE49-4A6E-9D54-B4F55BA6FD7C}.Debug|x86.ActiveCfg = Debug|Any CPU
		{B5346AB4-DE49-4A6E-9D54-B4F55BA6FD7C}.Debug|x86.Build.0 = Debug|Any CPU
		{B5346AB4-DE49-4A6E-9D54-B4F55BA6FD7C}.Release|Any CPU.ActiveCfg = Release|Any CPU
		{B5346AB4-DE49-4A6E-9D54-B4F55BA6FD7C}.Release|Any CPU.Build.0 = Release|Any CPU
		{B5346AB4-DE49-4A6E-9D54-B4F55BA6FD7C}.Release|x64.ActiveCfg = Release|Any CPU
		{B5346AB4-DE49-4A6E-9D54-B4F55BA6FD7C}.Release|x64.Build.0 = Release|Any CPU
		{B5346AB4-DE49-4A6E-9D54-B4F55BA6FD7C}.Release|x86.ActiveCfg = Release|Any CPU
		{B5346AB4-DE49-4A6E-9D54-B4F55BA6FD7C}.Release|x86.Build.0 = Release|Any CPU
		{95080E63-4B84-4C1B-ACA9-66A5ADECB8C3}.Debug|Any CPU.ActiveCfg = Debug|Any CPU
		{95080E63-4B84-4C1B-ACA9-66A5ADECB8C3}.Debug|Any CPU.Build.0 = Debug|Any CPU
		{95080E63-4B84-4C1B-ACA9-66A5ADECB8C3}.Debug|x64.ActiveCfg = Debug|Any CPU
		{95080E63-4B84-4C1B-ACA9-66A5ADECB8C3}.Debug|x64.Build.0 = Debug|Any CPU
		{95080E63-4B84-4C1B-ACA9-66A5ADECB8C3}.Debug|x86.ActiveCfg = Debug|Any CPU
		{95080E63-4B84-4C1B-ACA9-66A5ADECB8C3}.Debug|x86.Build.0 = Debug|Any CPU
		{95080E63-4B84-4C1B-ACA9-66A5ADECB8C3}.Release|Any CPU.ActiveCfg = Release|Any CPU
		{95080E63-4B84-4C1B-ACA9-66A5ADECB8C3}.Release|Any CPU.Build.0 = Release|Any CPU
		{95080E63-4B84-4C1B-ACA9-66A5ADECB8C3}.Release|x64.ActiveCfg = Release|Any CPU
		{95080E63-4B84-4C1B-ACA9-66A5ADECB8C3}.Release|x64.Build.0 = Release|Any CPU
		{95080E63-4B84-4C1B-ACA9-66A5ADECB8C3}.Release|x86.ActiveCfg = Release|Any CPU
		{95080E63-4B84-4C1B-ACA9-66A5ADECB8C3}.Release|x86.Build.0 = Release|Any CPU
		{6228A526-8C97-43F1-85E6-29AE956221CB}.Debug|Any CPU.ActiveCfg = Debug|Any CPU
		{6228A526-8C97-43F1-85E6-29AE956221CB}.Debug|Any CPU.Build.0 = Debug|Any CPU
		{6228A526-8C97-43F1-85E6-29AE956221CB}.Debug|x64.ActiveCfg = Debug|Any CPU
		{6228A526-8C97-43F1-85E6-29AE956221CB}.Debug|x64.Build.0 = Debug|Any CPU
		{6228A526-8C97-43F1-85E6-29AE956221CB}.Debug|x86.ActiveCfg = Debug|Any CPU
		{6228A526-8C97-43F1-85E6-29AE956221CB}.Debug|x86.Build.0 = Debug|Any CPU
		{6228A526-8C97-43F1-85E6-29AE956221CB}.Release|Any CPU.ActiveCfg = Release|Any CPU
		{6228A526-8C97-43F1-85E6-29AE956221CB}.Release|Any CPU.Build.0 = Release|Any CPU
		{6228A526-8C97-43F1-85E6-29AE956221CB}.Release|x64.ActiveCfg = Release|Any CPU
		{6228A526-8C97-43F1-85E6-29AE956221CB}.Release|x64.Build.0 = Release|Any CPU
		{6228A526-8C97-43F1-85E6-29AE956221CB}.Release|x86.ActiveCfg = Release|Any CPU
		{6228A526-8C97-43F1-85E6-29AE956221CB}.Release|x86.Build.0 = Release|Any CPU
		{CF75849F-1310-4924-8B8E-853150EA6629}.Debug|Any CPU.ActiveCfg = Debug|Any CPU
		{CF75849F-1310-4924-8B8E-853150EA6629}.Debug|Any CPU.Build.0 = Debug|Any CPU
		{CF75849F-1310-4924-8B8E-853150EA6629}.Debug|x64.ActiveCfg = Debug|Any CPU
		{CF75849F-1310-4924-8B8E-853150EA6629}.Debug|x64.Build.0 = Debug|Any CPU
		{CF75849F-1310-4924-8B8E-853150EA6629}.Debug|x86.ActiveCfg = Debug|Any CPU
		{CF75849F-1310-4924-8B8E-853150EA6629}.Debug|x86.Build.0 = Debug|Any CPU
		{CF75849F-1310-4924-8B8E-853150EA6629}.Release|Any CPU.ActiveCfg = Release|Any CPU
		{CF75849F-1310-4924-8B8E-853150EA6629}.Release|Any CPU.Build.0 = Release|Any CPU
		{CF75849F-1310-4924-8B8E-853150EA6629}.Release|x64.ActiveCfg = Release|Any CPU
		{CF75849F-1310-4924-8B8E-853150EA6629}.Release|x64.Build.0 = Release|Any CPU
		{CF75849F-1310-4924-8B8E-853150EA6629}.Release|x86.ActiveCfg = Release|Any CPU
		{CF75849F-1310-4924-8B8E-853150EA6629}.Release|x86.Build.0 = Release|Any CPU
		{373777AA-1A94-4FC7-8616-02C25A9A0408}.Debug|Any CPU.ActiveCfg = Debug|Any CPU
		{373777AA-1A94-4FC7-8616-02C25A9A0408}.Debug|Any CPU.Build.0 = Debug|Any CPU
		{373777AA-1A94-4FC7-8616-02C25A9A0408}.Debug|x64.ActiveCfg = Debug|Any CPU
		{373777AA-1A94-4FC7-8616-02C25A9A0408}.Debug|x64.Build.0 = Debug|Any CPU
		{373777AA-1A94-4FC7-8616-02C25A9A0408}.Debug|x86.ActiveCfg = Debug|Any CPU
		{373777AA-1A94-4FC7-8616-02C25A9A0408}.Debug|x86.Build.0 = Debug|Any CPU
		{373777AA-1A94-4FC7-8616-02C25A9A0408}.Release|Any CPU.ActiveCfg = Release|Any CPU
		{373777AA-1A94-4FC7-8616-02C25A9A0408}.Release|Any CPU.Build.0 = Release|Any CPU
		{373777AA-1A94-4FC7-8616-02C25A9A0408}.Release|x64.ActiveCfg = Release|Any CPU
		{373777AA-1A94-4FC7-8616-02C25A9A0408}.Release|x64.Build.0 = Release|Any CPU
		{373777AA-1A94-4FC7-8616-02C25A9A0408}.Release|x86.ActiveCfg = Release|Any CPU
		{373777AA-1A94-4FC7-8616-02C25A9A0408}.Release|x86.Build.0 = Release|Any CPU
		{FB70CE53-D887-41BD-B5C1-16E994412630}.Debug|Any CPU.ActiveCfg = Debug|Any CPU
		{FB70CE53-D887-41BD-B5C1-16E994412630}.Debug|Any CPU.Build.0 = Debug|Any CPU
		{FB70CE53-D887-41BD-B5C1-16E994412630}.Debug|x64.ActiveCfg = Debug|Any CPU
		{FB70CE53-D887-41BD-B5C1-16E994412630}.Debug|x64.Build.0 = Debug|Any CPU
		{FB70CE53-D887-41BD-B5C1-16E994412630}.Debug|x86.ActiveCfg = Debug|Any CPU
		{FB70CE53-D887-41BD-B5C1-16E994412630}.Debug|x86.Build.0 = Debug|Any CPU
		{FB70CE53-D887-41BD-B5C1-16E994412630}.Release|Any CPU.ActiveCfg = Release|Any CPU
		{FB70CE53-D887-41BD-B5C1-16E994412630}.Release|Any CPU.Build.0 = Release|Any CPU
		{FB70CE53-D887-41BD-B5C1-16E994412630}.Release|x64.ActiveCfg = Release|Any CPU
		{FB70CE53-D887-41BD-B5C1-16E994412630}.Release|x64.Build.0 = Release|Any CPU
		{FB70CE53-D887-41BD-B5C1-16E994412630}.Release|x86.ActiveCfg = Release|Any CPU
		{FB70CE53-D887-41BD-B5C1-16E994412630}.Release|x86.Build.0 = Release|Any CPU
		{9F532020-F64E-4DE4-95AC-817FBC8F1FCB}.Debug|Any CPU.ActiveCfg = Debug|Any CPU
		{9F532020-F64E-4DE4-95AC-817FBC8F1FCB}.Debug|Any CPU.Build.0 = Debug|Any CPU
		{9F532020-F64E-4DE4-95AC-817FBC8F1FCB}.Debug|x64.ActiveCfg = Debug|Any CPU
		{9F532020-F64E-4DE4-95AC-817FBC8F1FCB}.Debug|x64.Build.0 = Debug|Any CPU
		{9F532020-F64E-4DE4-95AC-817FBC8F1FCB}.Debug|x86.ActiveCfg = Debug|Any CPU
		{9F532020-F64E-4DE4-95AC-817FBC8F1FCB}.Debug|x86.Build.0 = Debug|Any CPU
		{9F532020-F64E-4DE4-95AC-817FBC8F1FCB}.Release|Any CPU.ActiveCfg = Release|Any CPU
		{9F532020-F64E-4DE4-95AC-817FBC8F1FCB}.Release|Any CPU.Build.0 = Release|Any CPU
		{9F532020-F64E-4DE4-95AC-817FBC8F1FCB}.Release|x64.ActiveCfg = Release|Any CPU
		{9F532020-F64E-4DE4-95AC-817FBC8F1FCB}.Release|x64.Build.0 = Release|Any CPU
		{9F532020-F64E-4DE4-95AC-817FBC8F1FCB}.Release|x86.ActiveCfg = Release|Any CPU
		{9F532020-F64E-4DE4-95AC-817FBC8F1FCB}.Release|x86.Build.0 = Release|Any CPU
		{582917B7-2EB7-4112-AE18-BD7E427F348E}.Debug|Any CPU.ActiveCfg = Debug|Any CPU
		{582917B7-2EB7-4112-AE18-BD7E427F348E}.Debug|Any CPU.Build.0 = Debug|Any CPU
		{582917B7-2EB7-4112-AE18-BD7E427F348E}.Debug|x64.ActiveCfg = Debug|Any CPU
		{582917B7-2EB7-4112-AE18-BD7E427F348E}.Debug|x64.Build.0 = Debug|Any CPU
		{582917B7-2EB7-4112-AE18-BD7E427F348E}.Debug|x86.ActiveCfg = Debug|Any CPU
		{582917B7-2EB7-4112-AE18-BD7E427F348E}.Debug|x86.Build.0 = Debug|Any CPU
		{582917B7-2EB7-4112-AE18-BD7E427F348E}.Release|Any CPU.ActiveCfg = Release|Any CPU
		{582917B7-2EB7-4112-AE18-BD7E427F348E}.Release|Any CPU.Build.0 = Release|Any CPU
		{582917B7-2EB7-4112-AE18-BD7E427F348E}.Release|x64.ActiveCfg = Release|Any CPU
		{582917B7-2EB7-4112-AE18-BD7E427F348E}.Release|x64.Build.0 = Release|Any CPU
		{582917B7-2EB7-4112-AE18-BD7E427F348E}.Release|x86.ActiveCfg = Release|Any CPU
		{582917B7-2EB7-4112-AE18-BD7E427F348E}.Release|x86.Build.0 = Release|Any CPU
		{F738BABB-A3C2-47E7-A37B-DC8209A67B8E}.Debug|Any CPU.ActiveCfg = Debug|Any CPU
		{F738BABB-A3C2-47E7-A37B-DC8209A67B8E}.Debug|Any CPU.Build.0 = Debug|Any CPU
		{F738BABB-A3C2-47E7-A37B-DC8209A67B8E}.Debug|x64.ActiveCfg = Debug|Any CPU
		{F738BABB-A3C2-47E7-A37B-DC8209A67B8E}.Debug|x64.Build.0 = Debug|Any CPU
		{F738BABB-A3C2-47E7-A37B-DC8209A67B8E}.Debug|x86.ActiveCfg = Debug|Any CPU
		{F738BABB-A3C2-47E7-A37B-DC8209A67B8E}.Debug|x86.Build.0 = Debug|Any CPU
		{F738BABB-A3C2-47E7-A37B-DC8209A67B8E}.Release|Any CPU.ActiveCfg = Release|Any CPU
		{F738BABB-A3C2-47E7-A37B-DC8209A67B8E}.Release|Any CPU.Build.0 = Release|Any CPU
		{F738BABB-A3C2-47E7-A37B-DC8209A67B8E}.Release|x64.ActiveCfg = Release|Any CPU
		{F738BABB-A3C2-47E7-A37B-DC8209A67B8E}.Release|x64.Build.0 = Release|Any CPU
		{F738BABB-A3C2-47E7-A37B-DC8209A67B8E}.Release|x86.ActiveCfg = Release|Any CPU
		{F738BABB-A3C2-47E7-A37B-DC8209A67B8E}.Release|x86.Build.0 = Release|Any CPU
	EndGlobalSection
	GlobalSection(NestedProjects) = preSolution
		{AD935444-E02C-4072-9A98-BBD0E0C7DE38} = {3352C1F8-0335-4377-83A8-E272CE86E488}
		{386F9B18-78EC-4960-90F1-1EBC2F9A3157} = {3352C1F8-0335-4377-83A8-E272CE86E488}
		{DAD634C1-0B7A-4E03-AD1F-00D2CD215023} = {3352C1F8-0335-4377-83A8-E272CE86E488}
		{B5346AB4-DE49-4A6E-9D54-B4F55BA6FD7C} = {C623DF7A-FDF5-4434-BBD2-BC1924649116}
		{95080E63-4B84-4C1B-ACA9-66A5ADECB8C3} = {C623DF7A-FDF5-4434-BBD2-BC1924649116}
		{6228A526-8C97-43F1-85E6-29AE956221CB} = {C623DF7A-FDF5-4434-BBD2-BC1924649116}
		{CF75849F-1310-4924-8B8E-853150EA6629} = {DBB05045-963F-445A-B75F-04E3AB1F4047}
		{373777AA-1A94-4FC7-8616-02C25A9A0408} = {DBB05045-963F-445A-B75F-04E3AB1F4047}
		{FB70CE53-D887-41BD-B5C1-16E994412630} = {DBB05045-963F-445A-B75F-04E3AB1F4047}
		{9F532020-F64E-4DE4-95AC-817FBC8F1FCB} = {DBB05045-963F-445A-B75F-04E3AB1F4047}
		{582917B7-2EB7-4112-AE18-BD7E427F348E} = {C623DF7A-FDF5-4434-BBD2-BC1924649116}
		{F738BABB-A3C2-47E7-A37B-DC8209A67B8E} = {DBB05045-963F-445A-B75F-04E3AB1F4047}
	EndGlobalSection
EndGlobal
